
Microsoft Visual Studio Solution File, Format Version 11.00
# Visual Studio 2010
Project("{FAE04EC0-301F-11D3-BF4B-00C04F79EFBC}") = "HoloWitch", "Assembly-CSharp.csproj", "{FCE91060-ED48-6FEA-29C9-62A1906FA5C3}"
EndProject
Project("{FAE04EC0-301F-11D3-BF4B-00C04F79EFBC}") = "HoloWitch", "Assembly-CSharp-Editor.csproj", "{9D1A8B17-4E28-2EBF-FA57-09E3F0949C2B}"
EndProject
Global
	GlobalSection(SolutionConfigurationPlatforms) = preSolution
		Debug|Any CPU = Debug|Any CPU
		Release|Any CPU = Release|Any CPU
	EndGlobalSection
	GlobalSection(ProjectConfigurationPlatforms) = postSolution
		{FCE91060-ED48-6FEA-29C9-62A1906FA5C3}.Debug|Any CPU.ActiveCfg = Debug|Any CPU
		{FCE91060-ED48-6FEA-29C9-62A1906FA5C3}.Debug|Any CPU.Build.0 = Debug|Any CPU
		{FCE91060-ED48-6FEA-29C9-62A1906FA5C3}.Release|Any CPU.ActiveCfg = Release|Any CPU
		{FCE91060-ED48-6FEA-29C9-62A1906FA5C3}.Release|Any CPU.Build.0 = Release|Any CPU
		{9D1A8B17-4E28-2EBF-FA57-09E3F0949C2B}.Debug|Any CPU.ActiveCfg = Debug|Any CPU
		{9D1A8B17-4E28-2EBF-FA57-09E3F0949C2B}.Debug|Any CPU.Build.0 = Debug|Any CPU
		{9D1A8B17-4E28-2EBF-FA57-09E3F0949C2B}.Release|Any CPU.ActiveCfg = Release|Any CPU
		{9D1A8B17-4E28-2EBF-FA57-09E3F0949C2B}.Release|Any CPU.Build.0 = Release|Any CPU
	EndGlobalSection
	GlobalSection(SolutionProperties) = preSolution
		HideSolutionNode = FALSE
	EndGlobalSection
	GlobalSection(MonoDevelopProperties) = preSolution
		StartupItem = Assembly-CSharp.csproj
	EndGlobalSection
EndGlobal
